// !$*UTF8*$!
{
	archiveVersion = 1;
	classes = {
	};
	objectVersion = 55;
	objects = {

/* Begin PBXBuildFile section */
		8BC438E428C2AE28002966BF /* AppDelegate.swift in Sources */ = {isa = PBXBuildFile; fileRef = 8BC438E328C2AE28002966BF /* AppDelegate.swift */; };
		8BC438E828C2AE28002966BF /* ViewController.swift in Sources */ = {isa = PBXBuildFile; fileRef = 8BC438E728C2AE28002966BF /* ViewController.swift */; };
		8BC438EB28C2AE28002966BF /* Main.storyboard in Resources */ = {isa = PBXBuildFile; fileRef = 8BC438E928C2AE28002966BF /* Main.storyboard */; };
		8BC438ED28C2AE30002966BF /* Assets.xcassets in Resources */ = {isa = PBXBuildFile; fileRef = 8BC438EC28C2AE30002966BF /* Assets.xcassets */; };
		8BC438F028C2AE30002966BF /* LaunchScreen.storyboard in Resources */ = {isa = PBXBuildFile; fileRef = 8BC438EE28C2AE30002966BF /* LaunchScreen.storyboard */; };
		8BCC052128C5EEAC004AAD0C /* AC-DC-Highway To Hell.mp3 in Resources */ = {isa = PBXBuildFile; fileRef = 8BCC052028C5EEAC004AAD0C /* AC-DC-Highway To Hell.mp3 */; };
		8BCC052328C5EEB6004AAD0C /* Nizkiz-Pravly.mp3 in Resources */ = {isa = PBXBuildFile; fileRef = 8BCC052228C5EEB6004AAD0C /* Nizkiz-Pravly.mp3 */; };
		8BCC052528C5EEBD004AAD0C /* Metallica-The Unforgiven.mp3 in Resources */ = {isa = PBXBuildFile; fileRef = 8BCC052428C5EEBD004AAD0C /* Metallica-The Unforgiven.mp3 */; };
/* End PBXBuildFile section */

/* Begin PBXFileReference section */
		8BC438E028C2AE28002966BF /* PlayerMP3.app */ = {isa = PBXFileReference; explicitFileType = wrapper.application; includeInIndex = 0; path = PlayerMP3.app; sourceTree = BUILT_PRODUCTS_DIR; };
		8BC438E328C2AE28002966BF /* AppDelegate.swift */ = {isa = PBXFileReference; lastKnownFileType = sourcecode.swift; path = AppDelegate.swift; sourceTree = "<group>"; };
		8BC438E728C2AE28002966BF /* ViewController.swift */ = {isa = PBXFileReference; lastKnownFileType = sourcecode.swift; path = ViewController.swift; sourceTree = "<group>"; };
		8BC438EA28C2AE28002966BF /* Base */ = {isa = PBXFileReference; lastKnownFileType = file.storyboard; name = Base; path = Base.lproj/Main.storyboard; sourceTree = "<group>"; };
		8BC438EC28C2AE30002966BF /* Assets.xcassets */ = {isa = PBXFileReference; lastKnownFileType = folder.assetcatalog; path = Assets.xcassets; sourceTree = "<group>"; };
		8BC438EF28C2AE30002966BF /* Base */ = {isa = PBXFileReference; lastKnownFileType = file.storyboard; name = Base; path = Base.lproj/LaunchScreen.storyboard; sourceTree = "<group>"; };
		8BC438F128C2AE30002966BF /* Info.plist */ = {isa = PBXFileReference; lastKnownFileType = text.plist.xml; path = Info.plist; sourceTree = "<group>"; };
		8BCC052028C5EEAC004AAD0C /* AC-DC-Highway To Hell.mp3 */ = {isa = PBXFileReference; lastKnownFileType = audio.mp3; path = "AC-DC-Highway To Hell.mp3"; sourceTree = "<group>"; };
		8BCC052228C5EEB6004AAD0C /* Nizkiz-Pravly.mp3 */ = {isa = PBXFileReference; lastKnownFileType = audio.mp3; path = "Nizkiz-Pravly.mp3"; sourceTree = "<group>"; };
		8BCC052428C5EEBD004AAD0C /* Metallica-The Unforgiven.mp3 */ = {isa = PBXFileReference; lastKnownFileType = audio.mp3; path = "Metallica-The Unforgiven.mp3"; sourceTree = "<group>"; };
/* End PBXFileReference section */

/* Begin PBXFrameworksBuildPhase section */
		8BC438DD28C2AE28002966BF /* Frameworks */ = {
			isa = PBXFrameworksBuildPhase;
			buildActionMask = 2147483647;
			files = (
			);
			runOnlyForDeploymentPostprocessing = 0;
		};
/* End PBXFrameworksBuildPhase section */

/* Begin PBXGroup section */
		8BC438D728C2AE28002966BF = {
			isa = PBXGroup;
			children = (
				8BC438E228C2AE28002966BF /* PlayerMP3 */,
				8BC438E128C2AE28002966BF /* Products */,
			);
			sourceTree = "<group>";
		};
		8BC438E128C2AE28002966BF /* Products */ = {
			isa = PBXGroup;
			children = (
				8BC438E028C2AE28002966BF /* PlayerMP3.app */,
			);
			name = Products;
			sourceTree = "<group>";
		};
		8BC438E228C2AE28002966BF /* PlayerMP3 */ = {
			isa = PBXGroup;
			children = (
				8BC438F728C2AE76002966BF /* Songs */,
				8BC438E328C2AE28002966BF /* AppDelegate.swift */,
				8BC438E728C2AE28002966BF /* ViewController.swift */,
				8BC438E928C2AE28002966BF /* Main.storyboard */,
				8BC438EC28C2AE30002966BF /* Assets.xcassets */,
				8BC438EE28C2AE30002966BF /* LaunchScreen.storyboard */,
				8BC438F128C2AE30002966BF /* Info.plist */,
			);
			path = PlayerMP3;
			sourceTree = "<group>";
		};
		8BC438F728C2AE76002966BF /* Songs */ = {
			isa = PBXGroup;
			children = (
				8BCC052028C5EEAC004AAD0C /* AC-DC-Highway To Hell.mp3 */,
				8BCC052228C5EEB6004AAD0C /* Nizkiz-Pravly.mp3 */,
				8BCC052428C5EEBD004AAD0C /* Metallica-The Unforgiven.mp3 */,
			);
			path = Songs;
			sourceTree = "<group>";
		};
/* End PBXGroup section */

/* Begin PBXNativeTarget section */
		8BC438DF28C2AE28002966BF /* PlayerMP3 */ = {
			isa = PBXNativeTarget;
			buildConfigurationList = 8BC438F428C2AE30002966BF /* Build configuration list for PBXNativeTarget "PlayerMP3" */;
			buildPhases = (
				8BC438DC28C2AE28002966BF /* Sources */,
				8BC438DD28C2AE28002966BF /* Frameworks */,
				8BC438DE28C2AE28002966BF /* Resources */,
			);
			buildRules = (
			);
			dependencies = (
			);
			name = PlayerMP3;
			productName = PlayerMP3;
			productReference = 8BC438E028C2AE28002966BF /* PlayerMP3.app */;
			productType = "com.apple.product-type.application";
		};
/* End PBXNativeTarget section */

/* Begin PBXProject section */
		8BC438D828C2AE28002966BF /* Project object */ = {
			isa = PBXProject;
			attributes = {
				BuildIndependentTargetsInParallel = 1;
				LastSwiftUpdateCheck = 1340;
				LastUpgradeCheck = 1340;
				TargetAttributes = {
					8BC438DF28C2AE28002966BF = {
						CreatedOnToolsVersion = 13.4.1;
					};
				};
			};
			buildConfigurationList = 8BC438DB28C2AE28002966BF /* Build configuration list for PBXProject "PlayerMP3" */;
			compatibilityVersion = "Xcode 13.0";
			developmentRegion = en;
			hasScannedForEncodings = 0;
			knownRegions = (
				en,
				Base,
			);
			mainGroup = 8BC438D728C2AE28002966BF;
			productRefGroup = 8BC438E128C2AE28002966BF /* Products */;
			projectDirPath = "";
			projectRoot = "";
			targets = (
				8BC438DF28C2AE28002966BF /* PlayerMP3 */,
			);
		};
/* End PBXProject section */

/* Begin PBXResourcesBuildPhase section */
		8BC438DE28C2AE28002966BF /* Resources */ = {
			isa = PBXResourcesBuildPhase;
			buildActionMask = 2147483647;
			files = (
				8BCC052328C5EEB6004AAD0C /* Nizkiz-Pravly.mp3 in Resources */,
				8BCC052528C5EEBD004AAD0C /* Metallica-The Unforgiven.mp3 in Resources */,
				8BC438F028C2AE30002966BF /* LaunchScreen.storyboard in Resources */,
				8BCC052128C5EEAC004AAD0C /* AC-DC-Highway To Hell.mp3 in Resources */,
				8BC438ED28C2AE30002966BF /* Assets.xcassets in Resources */,
				8BC438EB28C2AE28002966BF /* Main.storyboard in Resources */,
			);
			runOnlyForDeploymentPostprocessing = 0;
		};
/* End PBXResourcesBuildPhase section */

/* Begin PBXSourcesBuildPhase section */
		8BC438DC28C2AE28002966BF /* Sources */ = {
			isa = PBXSourcesBuildPhase;
			buildActionMask = 2147483647;
			files = (
				8BC438E828C2AE28002966BF /* ViewController.swift in Sources */,
				8BC438E428C2AE28002966BF /* AppDelegate.swift in Sources */,
			);
			runOnlyForDeploymentPostprocessing = 0;
		};
/* End PBXSourcesBuildPhase section */

/* Begin PBXVariantGroup section */
		8BC438E928C2AE28002966BF /* Main.storyboard */ = {
			isa = PBXVariantGroup;
			children = (
				8BC438EA28C2AE28002966BF /* Base */,
			);
			name = Main.storyboard;
			sourceTree = "<group>";
		};
		8BC438EE28C2AE30002966BF /* LaunchScreen.storyboard */ = {
			isa = PBXVariantGroup;
			children = (
				8BC438EF28C2AE30002966BF /* Base */,
			);
			name = LaunchScreen.storyboard;
			sourceTree = "<group>";
		};
/* End PBXVariantGroup section */

/* Begin XCBuildConfiguration section */
		8BC438F228C2AE30002966BF /* Debug */ = {
			isa = XCBuildConfiguration;
			buildSettings = {
				ALWAYS_SEARCH_USER_PATHS = NO;
				CLANG_ANALYZER_NONNULL = YES;
				CLANG_ANALYZER_NUMBER_OBJECT_CONVERSION = YES_AGGRESSIVE;
				CLANG_CXX_LANGUAGE_STANDARD = "gnu++17";
				CLANG_ENABLE_MODULES = YES;
				CLANG_ENABLE_OBJC_ARC = YES;
				CLANG_ENABLE_OBJC_WEAK = YES;
				CLANG_WARN_BLOCK_CAPTURE_AUTORELEASING = YES;
				CLANG_WARN_BOOL_CONVERSION = YES;
				CLANG_WARN_COMMA = YES;
				CLANG_WARN_CONSTANT_CONVERSION = YES;
				CLANG_WARN_DEPRECATED_OBJC_IMPLEMENTATIONS = YES;
				CLANG_WARN_DIRECT_OBJC_ISA_USAGE = YES_ERROR;
				CLANG_WARN_DOCUMENTATION_COMMENTS = YES;
				CLANG_WARN_EMPTY_BODY = YES;
				CLANG_WARN_ENUM_CONVERSION = YES;
				CLANG_WARN_INFINITE_RECURSION = YES;
				CLANG_WARN_INT_CONVERSION = YES;
				CLANG_WARN_NON_LITERAL_NULL_CONVERSION = YES;
				CLANG_WARN_OBJC_IMPLICIT_RETAIN_SELF = YES;
				CLANG_WARN_OBJC_LITERAL_CONVERSION = YES;
				CLANG_WARN_OBJC_ROOT_CLASS = YES_ERROR;
				CLANG_WARN_QUOTED_INCLUDE_IN_FRAMEWORK_HEADER = YES;
				CLANG_WARN_RANGE_LOOP_ANALYSIS = YES;
				CLANG_WARN_STRICT_PROTOTYPES = YES;
				CLANG_WARN_SUSPICIOUS_MOVE = YES;
				CLANG_WARN_UNGUARDED_AVAILABILITY = YES_AGGRESSIVE;
				CLANG_WARN_UNREACHABLE_CODE = YES;
				CLANG_WARN__DUPLICATE_METHOD_MATCH = YES;
				COPY_PHASE_STRIP = NO;
				DEBUG_INFORMATION_FORMAT = dwarf;
				ENABLE_STRICT_OBJC_MSGSEND = YES;
				ENABLE_TESTABILITY = YES;
				GCC_C_LANGUAGE_STANDARD = gnu11;
				GCC_DYNAMIC_NO_PIC = NO;
				GCC_NO_COMMON_BLOCKS = YES;
				GCC_OPTIMIZATION_LEVEL = 0;
				GCC_PREPROCESSOR_DEFINITIONS = (
					"DEBUG=1",
					"$(inherited)",
				);
				GCC_WARN_64_TO_32_BIT_CONVERSION = YES;
				GCC_WARN_ABOUT_RETURN_TYPE = YES_ERROR;
				GCC_WARN_UNDECLARED_SELECTOR = YES;
				GCC_WARN_UNINITIALIZED_AUTOS = YES_AGGRESSIVE;
				GCC_WARN_UNUSED_FUNCTION = YES;
				GCC_WARN_UNUSED_VARIABLE = YES;
				IPHONEOS_DEPLOYMENT_TARGET = 15.5;
				MTL_ENABLE_DEBUG_INFO = INCLUDE_SOURCE;
				MTL_FAST_MATH = YES;
				ONLY_ACTIVE_ARCH = YES;
				SDKROOT = iphoneos;
				SWIFT_ACTIVE_COMPILATION_CONDITIONS = DEBUG;
				SWIFT_OPTIMIZATION_LEVEL = "-Onone";
			};
			name = Debug;
		};
		8BC438F328C2AE30002966BF /* Release */ = {
			isa = XCBuildConfiguration;
			buildSettings = {
				ALWAYS_SEARCH_USER_PATHS = NO;
				CLANG_ANALYZER_NONNULL = YES;
				CLANG_ANALYZER_NUMBER_OBJECT_CONVERSION = YES_AGGRESSIVE;
				CLANG_CXX_LANGUAGE_STANDARD = "gnu++17";
				CLANG_ENABLE_MODULES = YES;
				CLANG_ENABLE_OBJC_ARC = YES;
				CLANG_ENABLE_OBJC_WEAK = YES;
				CLANG_WARN_BLOCK_CAPTURE_AUTORELEASING = YES;
				CLANG_WARN_BOOL_CONVERSION = YES;
				CLANG_WARN_COMMA = YES;
				CLANG_WARN_CONSTANT_CONVERSION = YES;
				CLANG_WARN_DEPRECATED_OBJC_IMPLEMENTATIONS = YES;
				CLANG_WARN_DIRECT_OBJC_ISA_USAGE = YES_ERROR;
				CLANG_WARN_DOCUMENTATION_COMMENTS = YES;
				CLANG_WARN_EMPTY_BODY = YES;
				CLANG_WARN_ENUM_CONVERSION = YES;
				CLANG_WARN_INFINITE_RECURSION = YES;
				CLANG_WARN_INT_CONVERSION = YES;
				CLANG_WARN_NON_LITERAL_NULL_CONVERSION = YES;
				CLANG_WARN_OBJC_IMPLICIT_RETAIN_SELF = YES;
				CLANG_WARN_OBJC_LITERAL_CONVERSION = YES;
				CLANG_WARN_OBJC_ROOT_CLASS = YES_ERROR;
				CLANG_WARN_QUOTED_INCLUDE_IN_FRAMEWORK_HEADER = YES;
				CLANG_WARN_RANGE_LOOP_ANALYSIS = YES;
				CLANG_WARN_STRICT_PROTOTYPES = YES;
				CLANG_WARN_SUSPICIOUS_MOVE = YES;
				CLANG_WARN_UNGUARDED_AVAILABILITY = YES_AGGRESSIVE;
				CLANG_WARN_UNREACHABLE_CODE = YES;
				CLANG_WARN__DUPLICATE_METHOD_MATCH = YES;
				COPY_PHASE_STRIP = NO;
				DEBUG_INFORMATION_FORMAT = "dwarf-with-dsym";
				ENABLE_NS_ASSERTIONS = NO;
				ENABLE_STRICT_OBJC_MSGSEND = YES;
				GCC_C_LANGUAGE_STANDARD = gnu11;
				GCC_NO_COMMON_BLOCKS = YES;
				GCC_WARN_64_TO_32_BIT_CONVERSION = YES;
				GCC_WARN_ABOUT_RETURN_TYPE = YES_ERROR;
				GCC_WARN_UNDECLARED_SELECTOR = YES;
				GCC_WARN_UNINITIALIZED_AUTOS = YES_AGGRESSIVE;
				GCC_WARN_UNUSED_FUNCTION = YES;
				GCC_WARN_UNUSED_VARIABLE = YES;
				IPHONEOS_DEPLOYMENT_TARGET = 15.5;
				MTL_ENABLE_DEBUG_INFO = NO;
				MTL_FAST_MATH = YES;
				SDKROOT = iphoneos;
				SWIFT_COMPILATION_MODE = wholemodule;
				SWIFT_OPTIMIZATION_LEVEL = "-O";
				VALIDATE_PRODUCT = YES;
			};
			name = Release;
		};
		8BC438F528C2AE30002966BF /* Debug */ = {
			isa = XCBuildConfiguration;
			buildSettings = {
				ASSETCATALOG_COMPILER_APPICON_NAME = AppIcon;
				ASSETCATALOG_COMPILER_GLOBAL_ACCENT_COLOR_NAME = AccentColor;
				CODE_SIGN_STYLE = Automatic;
				CURRENT_PROJECT_VERSION = 1;
				DEVELOPMENT_TEAM = 698W6FDU3B;
				GENERATE_INFOPLIST_FILE = YES;
				INFOPLIST_FILE = PlayerMP3/Info.plist;
				INFOPLIST_KEY_UIApplicationSupportsIndirectInputEvents = YES;
				INFOPLIST_KEY_UILaunchStoryboardName = LaunchScreen;
				INFOPLIST_KEY_UIMainStoryboardFile = Main;
				INFOPLIST_KEY_UISupportedInterfaceOrientations = UIInterfaceOrientationPortrait;
				INFOPLIST_KEY_UISupportedInterfaceOrientations_iPad = "UIInterfaceOrientationPortrait UIInterfaceOrientationPortraitUpsideDown UIInterfaceOrientationLandscapeLeft UIInterfaceOrientationLandscapeRight";
				INFOPLIST_KEY_UISupportedInterfaceOrientations_iPhone = "UIInterfaceOrientationPortrait UIInterfaceOrientationLandscapeLeft UIInterfaceOrientationLandscapeRight";
				LD_RUNPATH_SEARCH_PATHS = (
					"$(inherited)",
					"@executable_path/Frameworks",
				);
				MARKETING_VERSION = 1.0;
				PRODUCT_BUNDLE_IDENTIFIER = com.vKozinets.PlayerMP3;
				PRODUCT_NAME = "$(TARGET_NAME)";
				SWIFT_EMIT_LOC_STRINGS = YES;
				SWIFT_VERSION = 5.0;
				TARGETED_DEVICE_FAMILY = 1;
			};
			name = Debug;
		};
		8BC438F628C2AE30002966BF /* Release */ = {
			isa = XCBuildConfiguration;
			buildSettings = {
				ASSETCATALOG_COMPILER_APPICON_NAME = AppIcon;
				ASSETCATALOG_COMPILER_GLOBAL_ACCENT_COLOR_NAME = AccentColor;
				CODE_SIGN_STYLE = Automatic;
				CURRENT_PROJECT_VERSION = 1;
				DEVELOPMENT_TEAM = 698W6FDU3B;
				GENERATE_INFOPLIST_FILE = YES;
				INFOPLIST_FILE = PlayerMP3/Info.plist;
				INFOPLIST_KEY_UIApplicationSupportsIndirectInputEvents = YES;
				INFOPLIST_KEY_UILaunchStoryboardName = LaunchScreen;
				INFOPLIST_KEY_UIMainStoryboardFile = Main;
				INFOPLIST_KEY_UISupportedInterfaceOrientations = UIInterfaceOrientationPortrait;
				INFOPLIST_KEY_UISupportedInterfaceOrientations_iPad = "UIInterfaceOrientationPortrait UIInterfaceOrientationPortraitUpsideDown UIInterfaceOrientationLandscapeLeft UIInterfaceOrientationLandscapeRight";
				INFOPLIST_KEY_UISupportedInterfaceOrientations_iPhone = "UIInterfaceOrientationPortrait UIInterfaceOrientationLandscapeLeft UIInterfaceOrientationLandscapeRight";
				LD_RUNPATH_SEARCH_PATHS = (
					"$(inherited)",
					"@executable_path/Frameworks",
				);
				MARKETING_VERSION = 1.0;
				PRODUCT_BUNDLE_IDENTIFIER = com.vKozinets.PlayerMP3;
				PRODUCT_NAME = "$(TARGET_NAME)";
				SWIFT_EMIT_LOC_STRINGS = YES;
				SWIFT_VERSION = 5.0;
				TARGETED_DEVICE_FAMILY = 1;
			};
			name = Release;
		};
/* End XCBuildConfiguration section */

/* Begin XCConfigurationList section */
		8BC438DB28C2AE28002966BF /* Build configuration list for PBXProject "PlayerMP3" */ = {
			isa = XCConfigurationList;
			buildConfigurations = (
				8BC438F228C2AE30002966BF /* Debug */,
				8BC438F328C2AE30002966BF /* Release */,
			);
			defaultConfigurationIsVisible = 0;
			defaultConfigurationName = Release;
		};
		8BC438F428C2AE30002966BF /* Build configuration list for PBXNativeTarget "PlayerMP3" */ = {
			isa = XCConfigurationList;
			buildConfigurations = (
				8BC438F528C2AE30002966BF /* Debug */,
				8BC438F628C2AE30002966BF /* Release */,
			);
			defaultConfigurationIsVisible = 0;
			defaultConfigurationName = Release;
		};
/* End XCConfigurationList section */
	};
	rootObject = 8BC438D828C2AE28002966BF /* Project object */;
}
